
Microsoft Visual Studio Solution File, Format Version 12.00
# Visual Studio 15
VisualStudioVersion = 15.0.27428.2027
MinimumVisualStudioVersion = 10.0.40219.1
Project("{9A19103F-16F7-4668-BE54-9A1E7A4F7556}") = "Climb", "Climb\Climb.csproj", "{242F5651-C6E8-4903-B880-6E7783D1F60F}"
EndProject
Project("{9A19103F-16F7-4668-BE54-9A1E7A4F7556}") = "Climb.Test", "Climb.Test\Climb.Test.csproj", "{8E15492F-407D-4B0C-B836-C340AAF2D218}"
EndProject
Project("{FAE04EC0-301F-11D3-BF4B-00C04F79EFBC}") = "Climb.Core.TieBreakers", "Climb.Core.TieBreakers\Climb.Core.TieBreakers.csproj", "{3539E5CB-A9A9-48E2-82AA-9F914B4F7884}"
EndProject
Project("{FAE04EC0-301F-11D3-BF4B-00C04F79EFBC}") = "Climb.Core.TieBreakers.Test", "Climb.Core.TieBreakers.Test\Climb.Core.TieBreakers.Test.csproj", "{D7518578-2733-4761-AF53-E0660961D549}"
EndProject
Global
	GlobalSection(SolutionConfigurationPlatforms) = preSolution
		Debug|Any CPU = Debug|Any CPU
		Release|Any CPU = Release|Any CPU
	EndGlobalSection
	GlobalSection(ProjectConfigurationPlatforms) = postSolution
		{242F5651-C6E8-4903-B880-6E7783D1F60F}.Debug|Any CPU.ActiveCfg = Debug|Any CPU
		{242F5651-C6E8-4903-B880-6E7783D1F60F}.Debug|Any CPU.Build.0 = Debug|Any CPU
		{242F5651-C6E8-4903-B880-6E7783D1F60F}.Release|Any CPU.ActiveCfg = Release|Any CPU
		{242F5651-C6E8-4903-B880-6E7783D1F60F}.Release|Any CPU.Build.0 = Release|Any CPU
		{8E15492F-407D-4B0C-B836-C340AAF2D218}.Debug|Any CPU.ActiveCfg = Debug|Any CPU
		{8E15492F-407D-4B0C-B836-C340AAF2D218}.Debug|Any CPU.Build.0 = Debug|Any CPU
		{8E15492F-407D-4B0C-B836-C340AAF2D218}.Release|Any CPU.ActiveCfg = Release|Any CPU
		{8E15492F-407D-4B0C-B836-C340AAF2D218}.Release|Any CPU.Build.0 = Release|Any CPU
		{3539E5CB-A9A9-48E2-82AA-9F914B4F7884}.Debug|Any CPU.ActiveCfg = Debug|Any CPU
		{3539E5CB-A9A9-48E2-82AA-9F914B4F7884}.Debug|Any CPU.Build.0 = Debug|Any CPU
		{3539E5CB-A9A9-48E2-82AA-9F914B4F7884}.Release|Any CPU.ActiveCfg = Release|Any CPU
		{3539E5CB-A9A9-48E2-82AA-9F914B4F7884}.Release|Any CPU.Build.0 = Release|Any CPU
		{D7518578-2733-4761-AF53-E0660961D549}.Debug|Any CPU.ActiveCfg = Debug|Any CPU
		{D7518578-2733-4761-AF53-E0660961D549}.Debug|Any CPU.Build.0 = Debug|Any CPU
		{D7518578-2733-4761-AF53-E0660961D549}.Release|Any CPU.ActiveCfg = Release|Any CPU
		{D7518578-2733-4761-AF53-E0660961D549}.Release|Any CPU.Build.0 = Release|Any CPU
	EndGlobalSection
	GlobalSection(SolutionProperties) = preSolution
		HideSolutionNode = FALSE
	EndGlobalSection
	GlobalSection(ExtensibilityGlobals) = postSolution
		SolutionGuid = {A1717815-54B7-439C-BFBD-AC5F07A046D1}
	EndGlobalSection
EndGlobal
